// !$*UTF8*$!
{
	archiveVersion = 1;
	classes = {
	};
	objectVersion = 54;
	objects = {

/* Begin PBXBuildFile section */
		121D68FC3AB7D7059384F03E /* main.m in Sources */ = {isa = PBXBuildFile; fileRef = AF330C3B5DADC1B9028C9216 /* main.m */; };
		13B07FBF1A68108700A75B9A /* Images.xcassets in Resources */ = {isa = PBXBuildFile; fileRef = 13B07FB51A68108700A75B9A /* Images.xcassets */; };
		B0E7DBC72F1B913200472159 /* Images.xcassets in Resources */ = {isa = PBXBuildFile; fileRef = B0E7DBC82F1B913200472159 /* Images.xcassets */; };
		20B397D03E7446D6801B995D /* AppGroupStorage.swift in Sources */ = {isa = PBXBuildFile; fileRef = 044FB459540F4054A699C131 /* AppGroupStorage.swift */; };
		34CD2B866475A80474160699 /* VacationPhotosClip.app in Embed App Clips */ = {isa = PBXBuildFile; fileRef = B0E7DB972F1B913000472158 /* VacationPhotosClip.app */; settings = {ATTRIBUTES = (RemoveHeadersOnCopy, ); }; };
		3E461D99554A48A4959DE609 /* SplashScreen.storyboard in Resources */ = {isa = PBXBuildFile; fileRef = AA286B85B6C04FC6940260E9 /* SplashScreen.storyboard */; };
		4E183A5B5D1740BD816146D4 /* CloudKitBridge.m in Sources */ = {isa = PBXBuildFile; fileRef = 4B6C52C1059047E1B5350464 /* CloudKitBridge.m */; };
		63AF5DDCAD3745CA8E4A0AB9 /* AppGroupStorageBridge.m in Sources */ = {isa = PBXBuildFile; fileRef = 7E50C70F328047C792619E09 /* AppGroupStorageBridge.m */; };
		B0E7DBA12F1B913100472158 /* Preview Assets.xcassets in Resources */ = {isa = PBXBuildFile; fileRef = B0E7DBA02F1B913100472158 /* Preview Assets.xcassets */; };
		B0E7DBAD2F1B913100472158 /* VacationPhotosClipTests.swift in Sources */ = {isa = PBXBuildFile; fileRef = B0E7DBAC2F1B913100472158 /* VacationPhotosClipTests.swift */; };
		B0E7DBB72F1B913100472158 /* VacationPhotosClipUITests.swift in Sources */ = {isa = PBXBuildFile; fileRef = B0E7DBB62F1B913100472158 /* VacationPhotosClipUITests.swift */; };
		B0E7DBB92F1B913100472158 /* VacationPhotosClipUITestsLaunchTests.swift in Sources */ = {isa = PBXBuildFile; fileRef = B0E7DBB82F1B913100472158 /* VacationPhotosClipUITestsLaunchTests.swift */; };
		B0E7DBBC2F1B913100472158 /* VacationPhotosClip.app in Embed App Clips */ = {isa = PBXBuildFile; fileRef = B0E7DB972F1B913000472158 /* VacationPhotosClip.app */; settings = {ATTRIBUTES = (RemoveHeadersOnCopy, ); }; };
		B4C9EC56CA36B3D4B23F982F /* AppClipAppDelegate.m in Sources */ = {isa = PBXBuildFile; fileRef = 846211894A8777AF92505879 /* AppClipAppDelegate.m */; };
		BB2F792D24A3F905000567C9 /* Expo.plist in Resources */ = {isa = PBXBuildFile; fileRef = BB2F792C24A3F905000567C9 /* Expo.plist */; };
		BB96D7DDDF8A4673B67C86BB /* CloudKitManager.swift in Sources */ = {isa = PBXBuildFile; fileRef = 1A028E05C823490C9539F32F /* CloudKitManager.swift */; };
		F11748422D0307B40044C1D9 /* AppDelegate.swift in Sources */ = {isa = PBXBuildFile; fileRef = F11748412D0307B40044C1D9 /* AppDelegate.swift */; };
/* End PBXBuildFile section */

/* Begin PBXContainerItemProxy section */
		B0E7DBA92F1B913100472158 /* PBXContainerItemProxy */ = {
			isa = PBXContainerItemProxy;
			containerPortal = 83CBB9F71A601CBA00E9B192 /* Project object */;
			proxyType = 1;
			remoteGlobalIDString = B0E7DB962F1B913000472158;
			remoteInfo = VacationPhotosClip;
		};
		B0E7DBB32F1B913100472158 /* PBXContainerItemProxy */ = {
			isa = PBXContainerItemProxy;
			containerPortal = 83CBB9F71A601CBA00E9B192 /* Project object */;
			proxyType = 1;
			remoteGlobalIDString = B0E7DB962F1B913000472158;
			remoteInfo = VacationPhotosClip;
		};
		B0E7DBBA2F1B913100472158 /* PBXContainerItemProxy */ = {
			isa = PBXContainerItemProxy;
			containerPortal = 83CBB9F71A601CBA00E9B192 /* Project object */;
			proxyType = 1;
			remoteGlobalIDString = B0E7DB962F1B913000472158;
			remoteInfo = VacationPhotosClip;
		};
/* End PBXContainerItemProxy section */

/* Begin PBXCopyFilesBuildPhase section */
		B0E7DBBD2F1B913200472158 /* Embed App Clips */ = {
			isa = PBXCopyFilesBuildPhase;
			buildActionMask = 2147483647;
			dstPath = "$(CONTENTS_FOLDER_PATH)/AppClips";
			dstSubfolderSpec = 16;
			files = (
				B0E7DBBC2F1B913100472158 /* VacationPhotosClip.app in Embed App Clips */,
				34CD2B866475A80474160699 /* VacationPhotosClip.app in Embed App Clips */,
			);
			name = "Embed App Clips";
			runOnlyForDeploymentPostprocessing = 0;
		};
/* End PBXCopyFilesBuildPhase section */

/* Begin PBXFileReference section */
		044EF959E12C3D43B9112E0A /* Info.plist */ = {isa = PBXFileReference; includeInIndex = 1; lastKnownFileType = text.plist.xml; path = Info.plist; sourceTree = "<group>"; };
		044FB459540F4054A699C131 /* AppGroupStorage.swift */ = {isa = PBXFileReference; explicitFileType = undefined; fileEncoding = 4; includeInIndex = 0; lastKnownFileType = sourcecode.swift; name = AppGroupStorage.swift; path = VacationPhotos/AppGroupStorage.swift; sourceTree = "<group>"; };
		13B07F961A680F5B00A75B9A /* VacationPhotos.app */ = {isa = PBXFileReference; explicitFileType = wrapper.application; includeInIndex = 0; path = VacationPhotos.app; sourceTree = BUILT_PRODUCTS_DIR; };
		13B07FB51A68108700A75B9A /* Images.xcassets */ = {isa = PBXFileReference; lastKnownFileType = folder.assetcatalog; name = Images.xcassets; path = VacationPhotos/Images.xcassets; sourceTree = "<group>"; };
		13B07FB61A68108700A75B9A /* Info.plist */ = {isa = PBXFileReference; fileEncoding = 4; lastKnownFileType = text.plist.xml; name = Info.plist; path = VacationPhotos/Info.plist; sourceTree = "<group>"; };
		1A028E05C823490C9539F32F /* CloudKitManager.swift */ = {isa = PBXFileReference; explicitFileType = undefined; fileEncoding = 4; includeInIndex = 0; lastKnownFileType = sourcecode.swift; name = CloudKitManager.swift; path = VacationPhotos/CloudKitManager.swift; sourceTree = "<group>"; };
		4454B893725F48C0ADBD753B /* VacationPhotosClip.entitlements */ = {isa = PBXFileReference; explicitFileType = undefined; fileEncoding = 9; includeInIndex = 0; lastKnownFileType = unknown; path = VacationPhotosClip.entitlements; sourceTree = "<group>"; };
		4B6C52C1059047E1B5350464 /* CloudKitBridge.m */ = {isa = PBXFileReference; explicitFileType = undefined; fileEncoding = 4; includeInIndex = 0; lastKnownFileType = sourcecode.c.objc; name = CloudKitBridge.m; path = VacationPhotos/CloudKitBridge.m; sourceTree = "<group>"; };
		550D3C66F68D6FE457E629BF /* VacationPhotosClip.entitlements */ = {isa = PBXFileReference; includeInIndex = 1; lastKnownFileType = text.plist.entitlements; path = VacationPhotosClip.entitlements; sourceTree = "<group>"; };
		7E50C70F328047C792619E09 /* AppGroupStorageBridge.m */ = {isa = PBXFileReference; explicitFileType = undefined; fileEncoding = 4; includeInIndex = 0; lastKnownFileType = sourcecode.c.objc; name = AppGroupStorageBridge.m; path = VacationPhotos/AppGroupStorageBridge.m; sourceTree = "<group>"; };
		846211894A8777AF92505879 /* AppClipAppDelegate.m */ = {isa = PBXFileReference; includeInIndex = 1; lastKnownFileType = sourcecode.c.objc; path = AppClipAppDelegate.m; sourceTree = "<group>"; };
		A1CA5A535E664014B419B00E /* Info.plist */ = {isa = PBXFileReference; explicitFileType = undefined; fileEncoding = 4; includeInIndex = 0; lastKnownFileType = text.plist.xml; path = Info.plist; sourceTree = "<group>"; };
		AA286B85B6C04FC6940260E9 /* SplashScreen.storyboard */ = {isa = PBXFileReference; fileEncoding = 4; lastKnownFileType = file.storyboard; name = SplashScreen.storyboard; path = VacationPhotos/SplashScreen.storyboard; sourceTree = "<group>"; };
		AF330C3B5DADC1B9028C9216 /* main.m */ = {isa = PBXFileReference; includeInIndex = 1; lastKnownFileType = sourcecode.c.objc; path = main.m; sourceTree = "<group>"; };
		B0E7DB972F1B913000472158 /* VacationPhotosClip.app */ = {isa = PBXFileReference; explicitFileType = wrapper.application; includeInIndex = 0; path = VacationPhotosClip.app; sourceTree = BUILT_PRODUCTS_DIR; };
		B0E7DBA02F1B913100472158 /* Preview Assets.xcassets */ = {isa = PBXFileReference; lastKnownFileType = folder.assetcatalog; path = "Preview Assets.xcassets"; sourceTree = "<group>"; };
		B0E7DBC82F1B913200472159 /* Images.xcassets */ = {isa = PBXFileReference; lastKnownFileType = folder.assetcatalog; path = Images.xcassets; sourceTree = "<group>"; };
		B0E7DBA82F1B913100472158 /* VacationPhotosClipTests.xctest */ = {isa = PBXFileReference; explicitFileType = wrapper.cfbundle; includeInIndex = 0; path = VacationPhotosClipTests.xctest; sourceTree = BUILT_PRODUCTS_DIR; };
		B0E7DBAC2F1B913100472158 /* VacationPhotosClipTests.swift */ = {isa = PBXFileReference; lastKnownFileType = sourcecode.swift; path = VacationPhotosClipTests.swift; sourceTree = "<group>"; };
		B0E7DBB22F1B913100472158 /* VacationPhotosClipUITests.xctest */ = {isa = PBXFileReference; explicitFileType = wrapper.cfbundle; includeInIndex = 0; path = VacationPhotosClipUITests.xctest; sourceTree = BUILT_PRODUCTS_DIR; };
		B0E7DBB62F1B913100472158 /* VacationPhotosClipUITests.swift */ = {isa = PBXFileReference; lastKnownFileType = sourcecode.swift; path = VacationPhotosClipUITests.swift; sourceTree = "<group>"; };
		B0E7DBB82F1B913100472158 /* VacationPhotosClipUITestsLaunchTests.swift */ = {isa = PBXFileReference; lastKnownFileType = sourcecode.swift; path = VacationPhotosClipUITestsLaunchTests.swift; sourceTree = "<group>"; };
		BB2F792C24A3F905000567C9 /* Expo.plist */ = {isa = PBXFileReference; fileEncoding = 4; lastKnownFileType = text.plist.xml; path = Expo.plist; sourceTree = "<group>"; };
		DC550E74250F4D3FA9795C48 /* main.m */ = {isa = PBXFileReference; explicitFileType = undefined; fileEncoding = 4; includeInIndex = 0; lastKnownFileType = sourcecode.c.objc; path = main.m; sourceTree = "<group>"; };
		ED297162215061F000B7C4FE /* JavaScriptCore.framework */ = {isa = PBXFileReference; lastKnownFileType = wrapper.framework; name = JavaScriptCore.framework; path = System/Library/Frameworks/JavaScriptCore.framework; sourceTree = SDKROOT; };
		EF9D7D0C11BA4D8A9FD3CB8D /* AppClipAppDelegate.h */ = {isa = PBXFileReference; explicitFileType = undefined; fileEncoding = 4; includeInIndex = 0; lastKnownFileType = sourcecode.c.h; path = AppClipAppDelegate.h; sourceTree = "<group>"; };
		F11748412D0307B40044C1D9 /* AppDelegate.swift */ = {isa = PBXFileReference; lastKnownFileType = sourcecode.swift; name = AppDelegate.swift; path = VacationPhotos/AppDelegate.swift; sourceTree = "<group>"; };
		F11748442D0722820044C1D9 /* VacationPhotos-Bridging-Header.h */ = {isa = PBXFileReference; lastKnownFileType = sourcecode.c.h; name = "VacationPhotos-Bridging-Header.h"; path = "VacationPhotos/VacationPhotos-Bridging-Header.h"; sourceTree = "<group>"; };
		F27673D263DE4A49A5B27EF1 /* AppClipAppDelegate.m */ = {isa = PBXFileReference; explicitFileType = undefined; fileEncoding = 4; includeInIndex = 0; lastKnownFileType = sourcecode.c.objc; path = AppClipAppDelegate.m; sourceTree = "<group>"; };
		F763DE2AC74602A492197F5A /* AppClipAppDelegate.h */ = {isa = PBXFileReference; includeInIndex = 1; lastKnownFileType = sourcecode.c.h; path = AppClipAppDelegate.h; sourceTree = "<group>"; };
/* End PBXFileReference section */

/* Begin PBXFrameworksBuildPhase section */
		13B07F8C1A680F5B00A75B9A /* Frameworks */ = {
			isa = PBXFrameworksBuildPhase;
			buildActionMask = 2147483647;
			files = (
			);
			runOnlyForDeploymentPostprocessing = 0;
		};
		B0E7DB942F1B913000472158 /* Frameworks */ = {
			isa = PBXFrameworksBuildPhase;
			buildActionMask = 2147483647;
			files = (
			);
			runOnlyForDeploymentPostprocessing = 0;
		};
		B0E7DBA52F1B913100472158 /* Frameworks */ = {
			isa = PBXFrameworksBuildPhase;
			buildActionMask = 2147483647;
			files = (
			);
			runOnlyForDeploymentPostprocessing = 0;
		};
		B0E7DBAF2F1B913100472158 /* Frameworks */ = {
			isa = PBXFrameworksBuildPhase;
			buildActionMask = 2147483647;
			files = (
			);
			runOnlyForDeploymentPostprocessing = 0;
		};
/* End PBXFrameworksBuildPhase section */

/* Begin PBXGroup section */
		13B07FAE1A68108700A75B9A /* VacationPhotos */ = {
			isa = PBXGroup;
			children = (
				F11748412D0307B40044C1D9 /* AppDelegate.swift */,
				F11748442D0722820044C1D9 /* VacationPhotos-Bridging-Header.h */,
				BB2F792B24A3F905000567C9 /* Supporting */,
				13B07FB51A68108700A75B9A /* Images.xcassets */,
				13B07FB61A68108700A75B9A /* Info.plist */,
				AA286B85B6C04FC6940260E9 /* SplashScreen.storyboard */,
				1A028E05C823490C9539F32F /* CloudKitManager.swift */,
				4B6C52C1059047E1B5350464 /* CloudKitBridge.m */,
				044FB459540F4054A699C131 /* AppGroupStorage.swift */,
				7E50C70F328047C792619E09 /* AppGroupStorageBridge.m */,
			);
			name = VacationPhotos;
			sourceTree = "<group>";
		};
		2D16E6871FA4F8E400B85C8A /* Frameworks */ = {
			isa = PBXGroup;
			children = (
				ED297162215061F000B7C4FE /* JavaScriptCore.framework */,
			);
			name = Frameworks;
			sourceTree = "<group>";
		};
		42EDE369528D4521A6A78EF2 /* VacationPhotosClip */ = {
			isa = PBXGroup;
			children = (
				EF9D7D0C11BA4D8A9FD3CB8D /* AppClipAppDelegate.h */,
				F27673D263DE4A49A5B27EF1 /* AppClipAppDelegate.m */,
				DC550E74250F4D3FA9795C48 /* main.m */,
				A1CA5A535E664014B419B00E /* Info.plist */,
				4454B893725F48C0ADBD753B /* VacationPhotosClip.entitlements */,
			);
			path = VacationPhotosClip;
			sourceTree = "<group>";
		};
		832341AE1AAA6A7D00B99B32 /* Libraries */ = {
			isa = PBXGroup;
			children = (
			);
			name = Libraries;
			sourceTree = "<group>";
		};
		83CBB9F61A601CBA00E9B192 = {
			isa = PBXGroup;
			children = (
				13B07FAE1A68108700A75B9A /* VacationPhotos */,
				832341AE1AAA6A7D00B99B32 /* Libraries */,
				B0E7DB982F1B913000472158 /* VacationPhotosClip */,
				B0E7DBAB2F1B913100472158 /* VacationPhotosClipTests */,
				B0E7DBB52F1B913100472158 /* VacationPhotosClipUITests */,
				83CBBA001A601CBA00E9B192 /* Products */,
				2D16E6871FA4F8E400B85C8A /* Frameworks */,
				42EDE369528D4521A6A78EF2 /* VacationPhotosClip */,
			);
			indentWidth = 2;
			sourceTree = "<group>";
			tabWidth = 2;
			usesTabs = 0;
		};
		83CBBA001A601CBA00E9B192 /* Products */ = {
			isa = PBXGroup;
			children = (
				13B07F961A680F5B00A75B9A /* VacationPhotos.app */,
				B0E7DB972F1B913000472158 /* VacationPhotosClip.app */,
				B0E7DBA82F1B913100472158 /* VacationPhotosClipTests.xctest */,
				B0E7DBB22F1B913100472158 /* VacationPhotosClipUITests.xctest */,
			);
			name = Products;
			sourceTree = "<group>";
		};
		B0E7DB982F1B913000472158 /* VacationPhotosClip */ = {
			isa = PBXGroup;
			children = (
				F763DE2AC74602A492197F5A /* AppClipAppDelegate.h */,
				846211894A8777AF92505879 /* AppClipAppDelegate.m */,
				AF330C3B5DADC1B9028C9216 /* main.m */,
				044EF959E12C3D43B9112E0A /* Info.plist */,
				550D3C66F68D6FE457E629BF /* VacationPhotosClip.entitlements */,
				B0E7DBC82F1B913200472159 /* Images.xcassets */,
			);
			path = VacationPhotosClip;
			sourceTree = "<group>";
		};
		B0E7DBAB2F1B913100472158 /* VacationPhotosClipTests */ = {
			isa = PBXGroup;
			children = (
				B0E7DBAC2F1B913100472158 /* VacationPhotosClipTests.swift */,
			);
			path = VacationPhotosClipTests;
			sourceTree = "<group>";
		};
		B0E7DBB52F1B913100472158 /* VacationPhotosClipUITests */ = {
			isa = PBXGroup;
			children = (
				B0E7DBB62F1B913100472158 /* VacationPhotosClipUITests.swift */,
				B0E7DBB82F1B913100472158 /* VacationPhotosClipUITestsLaunchTests.swift */,
			);
			path = VacationPhotosClipUITests;
			sourceTree = "<group>";
		};
		BB2F792B24A3F905000567C9 /* Supporting */ = {
			isa = PBXGroup;
			children = (
				BB2F792C24A3F905000567C9 /* Expo.plist */,
			);
			name = Supporting;
			path = VacationPhotos/Supporting;
			sourceTree = "<group>";
		};
/* End PBXGroup section */

/* Begin PBXNativeTarget section */
		13B07F861A680F5B00A75B9A /* VacationPhotos */ = {
			isa = PBXNativeTarget;
			buildConfigurationList = 13B07F931A680F5B00A75B9A /* Build configuration list for PBXNativeTarget "VacationPhotos" */;
			buildPhases = (
				08A4A3CD28434E44B6B9DE2E /* [CP] Check Pods Manifest.lock */,
				13B07F871A680F5B00A75B9A /* Sources */,
				13B07F8C1A680F5B00A75B9A /* Frameworks */,
				13B07F8E1A680F5B00A75B9A /* Resources */,
				00DD1BFF1BD5951E006B06BC /* Bundle React Native code and images */,
				800E24972A6A228C8D4807E9 /* [CP] Copy Pods Resources */,
				B0E7DBBD2F1B913200472158 /* Embed App Clips */,
			);
			buildRules = (
			);
			dependencies = (
				B0E7DBBB2F1B913100472158 /* PBXTargetDependency */,
			);
			name = VacationPhotos;
			productName = VacationPhotos;
			productReference = 13B07F961A680F5B00A75B9A /* VacationPhotos.app */;
			productType = "com.apple.product-type.application";
		};
		B0E7DB962F1B913000472158 /* VacationPhotosClip */ = {
			isa = PBXNativeTarget;
			buildConfigurationList = B0E7DBC42F1B913200472158 /* Build configuration list for PBXNativeTarget "VacationPhotosClip" */;
			buildPhases = (
				B0E7DBC92F1B913200472160 /* Sync Version from Main App */,
				B0E7DB932F1B913000472158 /* Sources */,
				B0E7DB942F1B913000472158 /* Frameworks */,
				B0E7DB952F1B913000472158 /* Resources */,
			);
			buildRules = (
			);
			dependencies = (
			);
			name = VacationPhotosClip;
			productName = VacationPhotosClip;
			productReference = B0E7DB972F1B913000472158 /* VacationPhotosClip.app */;
			productType = "com.apple.product-type.application.on-demand-install-capable";
		};
		B0E7DBA72F1B913100472158 /* VacationPhotosClipTests */ = {
			isa = PBXNativeTarget;
			buildConfigurationList = B0E7DBC52F1B913200472158 /* Build configuration list for PBXNativeTarget "VacationPhotosClipTests" */;
			buildPhases = (
				B0E7DBA42F1B913100472158 /* Sources */,
				B0E7DBA52F1B913100472158 /* Frameworks */,
				B0E7DBA62F1B913100472158 /* Resources */,
			);
			buildRules = (
			);
			dependencies = (
				B0E7DBAA2F1B913100472158 /* PBXTargetDependency */,
			);
			name = VacationPhotosClipTests;
			productName = VacationPhotosClipTests;
			productReference = B0E7DBA82F1B913100472158 /* VacationPhotosClipTests.xctest */;
			productType = "com.apple.product-type.bundle.unit-test";
		};
		B0E7DBB12F1B913100472158 /* VacationPhotosClipUITests */ = {
			isa = PBXNativeTarget;
			buildConfigurationList = B0E7DBC62F1B913200472158 /* Build configuration list for PBXNativeTarget "VacationPhotosClipUITests" */;
			buildPhases = (
				B0E7DBAE2F1B913100472158 /* Sources */,
				B0E7DBAF2F1B913100472158 /* Frameworks */,
				B0E7DBB02F1B913100472158 /* Resources */,
			);
			buildRules = (
			);
			dependencies = (
				B0E7DBB42F1B913100472158 /* PBXTargetDependency */,
			);
			name = VacationPhotosClipUITests;
			productName = VacationPhotosClipUITests;
			productReference = B0E7DBB22F1B913100472158 /* VacationPhotosClipUITests.xctest */;
			productType = "com.apple.product-type.bundle.ui-testing";
		};
/* End PBXNativeTarget section */

/* Begin PBXProject section */
		83CBB9F71A601CBA00E9B192 /* Project object */ = {
			isa = PBXProject;
			attributes = {
				LastSwiftUpdateCheck = 1430;
				LastUpgradeCheck = 1130;
				TargetAttributes = {
					13B07F861A680F5B00A75B9A = {
						LastSwiftMigration = 1250;
					};
					B0E7DB962F1B913000472158 = {
						CreatedOnToolsVersion = 14.3.1;
					};
					B0E7DBA72F1B913100472158 = {
						CreatedOnToolsVersion = 14.3.1;
						TestTargetID = B0E7DB962F1B913000472158;
					};
					B0E7DBB12F1B913100472158 = {
						CreatedOnToolsVersion = 14.3.1;
						TestTargetID = B0E7DB962F1B913000472158;
					};
				};
			};
			buildConfigurationList = 83CBB9FA1A601CBA00E9B192 /* Build configuration list for PBXProject "VacationPhotos" */;
			compatibilityVersion = "Xcode 3.2";
			developmentRegion = en;
			hasScannedForEncodings = 0;
			knownRegions = (
				en,
				Base,
			);
			mainGroup = 83CBB9F61A601CBA00E9B192;
			productRefGroup = 83CBBA001A601CBA00E9B192 /* Products */;
			projectDirPath = "";
			projectRoot = "";
			targets = (
				13B07F861A680F5B00A75B9A /* VacationPhotos */,
				B0E7DB962F1B913000472158 /* VacationPhotosClip */,
				B0E7DBA72F1B913100472158 /* VacationPhotosClipTests */,
				B0E7DBB12F1B913100472158 /* VacationPhotosClipUITests */,
			);
		};
/* End PBXProject section */

/* Begin PBXResourcesBuildPhase section */
		13B07F8E1A680F5B00A75B9A /* Resources */ = {
			isa = PBXResourcesBuildPhase;
			buildActionMask = 2147483647;
			files = (
				BB2F792D24A3F905000567C9 /* Expo.plist in Resources */,
				13B07FBF1A68108700A75B9A /* Images.xcassets in Resources */,
				3E461D99554A48A4959DE609 /* SplashScreen.storyboard in Resources */,
			);
			runOnlyForDeploymentPostprocessing = 0;
		};
		B0E7DB952F1B913000472158 /* Resources */ = {
			isa = PBXResourcesBuildPhase;
			buildActionMask = 2147483647;
			files = (
				B0E7DBC72F1B913200472159 /* Images.xcassets in Resources */,
			);
			runOnlyForDeploymentPostprocessing = 0;
		};
		B0E7DBA62F1B913100472158 /* Resources */ = {
			isa = PBXResourcesBuildPhase;
			buildActionMask = 2147483647;
			files = (
			);
			runOnlyForDeploymentPostprocessing = 0;
		};
		B0E7DBB02F1B913100472158 /* Resources */ = {
			isa = PBXResourcesBuildPhase;
			buildActionMask = 2147483647;
			files = (
			);
			runOnlyForDeploymentPostprocessing = 0;
		};
/* End PBXResourcesBuildPhase section */

/* Begin PBXShellScriptBuildPhase section */
		00DD1BFF1BD5951E006B06BC /* Bundle React Native code and images */ = {
			isa = PBXShellScriptBuildPhase;
			alwaysOutOfDate = 1;
			buildActionMask = 2147483647;
			files = (
			);
			inputPaths = (
				"$(SRCROOT)/.xcode.env",
				"$(SRCROOT)/.xcode.env.local",
			);
			name = "Bundle React Native code and images";
			outputPaths = (
			);
			runOnlyForDeploymentPostprocessing = 0;
			shellPath = /bin/sh;
			shellScript = "if [[ -f \"$PODS_ROOT/../.xcode.env\" ]]; then\n  source \"$PODS_ROOT/../.xcode.env\"\nfi\nif [[ -f \"$PODS_ROOT/../.xcode.env.local\" ]]; then\n  source \"$PODS_ROOT/../.xcode.env.local\"\nfi\n\n# The project root by default is one level up from the ios directory\nexport PROJECT_ROOT=\"$PROJECT_DIR\"/..\n\nif [[ \"$CONFIGURATION\" = *Debug* ]]; then\n  export SKIP_BUNDLING=1\nfi\nif [[ -z \"$ENTRY_FILE\" ]]; then\n  # Set the entry JS file using the bundler's entry resolution.\n  export ENTRY_FILE=\"$(\"$NODE_BINARY\" -e \"require('expo/scripts/resolveAppEntry')\" \"$PROJECT_ROOT\" ios absolute | tail -n 1)\"\nfi\n\nif [[ -z \"$CLI_PATH\" ]]; then\n  # Use Expo CLI\n  export CLI_PATH=\"$(\"$NODE_BINARY\" --print \"require.resolve('@expo/cli', { paths: [require.resolve('expo/package.json')] })\")\"\nfi\nif [[ -z \"$BUNDLE_COMMAND\" ]]; then\n  # Default Expo CLI command for bundling\n  export BUNDLE_COMMAND=\"export:embed\"\nfi\n\n# Source .xcode.env.updates if it exists to allow\n# SKIP_BUNDLING to be unset if needed\nif [[ -f \"$PODS_ROOT/../.xcode.env.updates\" ]]; then\n  source \"$PODS_ROOT/../.xcode.env.updates\"\nfi\n# Source local changes to allow overrides\n# if needed\nif [[ -f \"$PODS_ROOT/../.xcode.env.local\" ]]; then\n  source \"$PODS_ROOT/../.xcode.env.local\"\nfi\n\n`\"$NODE_BINARY\" --print \"require('path').dirname(require.resolve('react-native/package.json')) + '/scripts/react-native-xcode.sh'\"`\n\n";
		};
		08A4A3CD28434E44B6B9DE2E /* [CP] Check Pods Manifest.lock */ = {
			isa = PBXShellScriptBuildPhase;
			buildActionMask = 2147483647;
			files = (
			);
			inputFileListPaths = (
			);
			inputPaths = (
				"${PODS_PODFILE_DIR_PATH}/Podfile.lock",
				"${PODS_ROOT}/Manifest.lock",
			);
			name = "[CP] Check Pods Manifest.lock";
			outputFileListPaths = (
			);
			outputPaths = (
				"$(DERIVED_FILE_DIR)/Pods-VacationPhotos-checkManifestLockResult.txt",
			);
			runOnlyForDeploymentPostprocessing = 0;
			shellPath = /bin/sh;
			shellScript = "diff \"${PODS_PODFILE_DIR_PATH}/Podfile.lock\" \"${PODS_ROOT}/Manifest.lock\" > /dev/null\nif [ $? != 0 ] ; then\n    # print error to STDERR\n    echo \"error: The sandbox is not in sync with the Podfile.lock. Run 'pod install' or update your CocoaPods installation.\" >&2\n    exit 1\nfi\n# This output is used by Xcode 'outputs' to avoid re-running this script phase.\necho \"SUCCESS\" > \"${SCRIPT_OUTPUT_FILE_0}\"\n";
			showEnvVarsInLog = 0;
		};
		800E24972A6A228C8D4807E9 /* [CP] Copy Pods Resources */ = {
			isa = PBXShellScriptBuildPhase;
			buildActionMask = 2147483647;
			files = (
			);
			inputPaths = (
				"${PODS_ROOT}/Target Support Files/Pods-VacationPhotos/Pods-VacationPhotos-resources.sh",
				"${PODS_CONFIGURATION_BUILD_DIR}/EXConstants/EXConstants.bundle",
				"${PODS_CONFIGURATION_BUILD_DIR}/EXUpdates/EXUpdates.bundle",
				"${PODS_CONFIGURATION_BUILD_DIR}/React-Core/RCTI18nStrings.bundle",
			);
			name = "[CP] Copy Pods Resources";
			outputPaths = (
				"${TARGET_BUILD_DIR}/${UNLOCALIZED_RESOURCES_FOLDER_PATH}/EXConstants.bundle",
				"${TARGET_BUILD_DIR}/${UNLOCALIZED_RESOURCES_FOLDER_PATH}/EXUpdates.bundle",
				"${TARGET_BUILD_DIR}/${UNLOCALIZED_RESOURCES_FOLDER_PATH}/RCTI18nStrings.bundle",
			);
			runOnlyForDeploymentPostprocessing = 0;
			shellPath = /bin/sh;
			shellScript = "\"${PODS_ROOT}/Target Support Files/Pods-VacationPhotos/Pods-VacationPhotos-resources.sh\"\n";
			showEnvVarsInLog = 0;
		};
		B0E7DBC92F1B913200472160 /* Sync Version from Main App */ = {
			isa = PBXShellScriptBuildPhase;
			buildActionMask = 2147483647;
			files = (
			);
			inputPaths = (
				"$(SRCROOT)/VacationPhotos/Info.plist",
			);
			name = "Sync Version from Main App";
			outputPaths = (
			);
			runOnlyForDeploymentPostprocessing = 0;
			shellPath = /bin/sh;
			shellScript = "# Sync App Clip version with main app\nMAIN_PLIST=\"${SRCROOT}/VacationPhotos/Info.plist\"\nCLIP_PLIST=\"${SRCROOT}/VacationPhotosClip/Info.plist\"\n\nif [ -f \"$MAIN_PLIST\" ] && [ -f \"$CLIP_PLIST\" ]; then\n  MAIN_VERSION=$(/usr/libexec/PlistBuddy -c \"Print CFBundleVersion\" \"$MAIN_PLIST\")\n  MAIN_SHORT_VERSION=$(/usr/libexec/PlistBuddy -c \"Print CFBundleShortVersionString\" \"$MAIN_PLIST\")\n  \n  echo \"Syncing App Clip version to: $MAIN_VERSION ($MAIN_SHORT_VERSION)\"\n  \n  /usr/libexec/PlistBuddy -c \"Set :CFBundleVersion $MAIN_VERSION\" \"$CLIP_PLIST\"\n  /usr/libexec/PlistBuddy -c \"Set :CFBundleShortVersionString $MAIN_SHORT_VERSION\" \"$CLIP_PLIST\"\nfi\n";
		};
/* End PBXShellScriptBuildPhase section */

/* Begin PBXSourcesBuildPhase section */
		13B07F871A680F5B00A75B9A /* Sources */ = {
			isa = PBXSourcesBuildPhase;
			buildActionMask = 2147483647;
			files = (
				F11748422D0307B40044C1D9 /* AppDelegate.swift in Sources */,
				BB96D7DDDF8A4673B67C86BB /* CloudKitManager.swift in Sources */,
				4E183A5B5D1740BD816146D4 /* CloudKitBridge.m in Sources */,
				20B397D03E7446D6801B995D /* AppGroupStorage.swift in Sources */,
				63AF5DDCAD3745CA8E4A0AB9 /* AppGroupStorageBridge.m in Sources */,
			);
			runOnlyForDeploymentPostprocessing = 0;
		};
		B0E7DB932F1B913000472158 /* Sources */ = {
			isa = PBXSourcesBuildPhase;
			buildActionMask = 2147483647;
			files = (
				B4C9EC56CA36B3D4B23F982F /* AppClipAppDelegate.m in Sources */,
				121D68FC3AB7D7059384F03E /* main.m in Sources */,
			);
			runOnlyForDeploymentPostprocessing = 0;
		};
		B0E7DBA42F1B913100472158 /* Sources */ = {
			isa = PBXSourcesBuildPhase;
			buildActionMask = 2147483647;
			files = (
				B0E7DBAD2F1B913100472158 /* VacationPhotosClipTests.swift in Sources */,
			);
			runOnlyForDeploymentPostprocessing = 0;
		};
		B0E7DBAE2F1B913100472158 /* Sources */ = {
			isa = PBXSourcesBuildPhase;
			buildActionMask = 2147483647;
			files = (
				B0E7DBB92F1B913100472158 /* VacationPhotosClipUITestsLaunchTests.swift in Sources */,
				B0E7DBB72F1B913100472158 /* VacationPhotosClipUITests.swift in Sources */,
			);
			runOnlyForDeploymentPostprocessing = 0;
		};
/* End PBXSourcesBuildPhase section */

/* Begin PBXTargetDependency section */
		B0E7DBAA2F1B913100472158 /* PBXTargetDependency */ = {
			isa = PBXTargetDependency;
			target = B0E7DB962F1B913000472158 /* VacationPhotosClip */;
			targetProxy = B0E7DBA92F1B913100472158 /* PBXContainerItemProxy */;
		};
		B0E7DBB42F1B913100472158 /* PBXTargetDependency */ = {
			isa = PBXTargetDependency;
			target = B0E7DB962F1B913000472158 /* VacationPhotosClip */;
			targetProxy = B0E7DBB32F1B913100472158 /* PBXContainerItemProxy */;
		};
		B0E7DBBB2F1B913100472158 /* PBXTargetDependency */ = {
			isa = PBXTargetDependency;
			target = B0E7DB962F1B913000472158 /* VacationPhotosClip */;
			targetProxy = B0E7DBBA2F1B913100472158 /* PBXContainerItemProxy */;
		};
/* End PBXTargetDependency section */

/* Begin XCBuildConfiguration section */
		13B07F941A680F5B00A75B9A /* Debug */ = {
			isa = XCBuildConfiguration;
			buildSettings = {
				ASSETCATALOG_COMPILER_APPICON_NAME = AppIcon;
				CLANG_ENABLE_MODULES = YES;
				CODE_SIGN_ENTITLEMENTS = VacationPhotos/VacationPhotos.entitlements;
				CURRENT_PROJECT_VERSION = 1;
				ENABLE_BITCODE = NO;
				GCC_PREPROCESSOR_DEFINITIONS = (
					"$(inherited)",
					"FB_SONARKIT_ENABLED=1",
				);
				INFOPLIST_FILE = VacationPhotos/Info.plist;
				IPHONEOS_DEPLOYMENT_TARGET = 15.1;
				LD_RUNPATH_SEARCH_PATHS = (
					"$(inherited)",
					"@executable_path/Frameworks",
				);
				MARKETING_VERSION = 1.0;
				OTHER_LDFLAGS = (
					"$(inherited)",
					"-ObjC",
					"-lc++",
				);
				PRODUCT_BUNDLE_IDENTIFIER = com.swapp1990.vacationphotos;
				PRODUCT_NAME = VacationPhotos;
				SWIFT_OBJC_BRIDGING_HEADER = "VacationPhotos/VacationPhotos-Bridging-Header.h";
				SWIFT_OPTIMIZATION_LEVEL = "-Onone";
				SWIFT_VERSION = 5.0;
				TARGETED_DEVICE_FAMILY = "1,2";
				VERSIONING_SYSTEM = "apple-generic";
			};
			name = Debug;
		};
		13B07F951A680F5B00A75B9A /* Release */ = {
			isa = XCBuildConfiguration;
			buildSettings = {
				ASSETCATALOG_COMPILER_APPICON_NAME = AppIcon;
				CLANG_ENABLE_MODULES = YES;
				CODE_SIGN_ENTITLEMENTS = VacationPhotos/VacationPhotos.entitlements;
				CURRENT_PROJECT_VERSION = 1;
				INFOPLIST_FILE = VacationPhotos/Info.plist;
				IPHONEOS_DEPLOYMENT_TARGET = 15.1;
				LD_RUNPATH_SEARCH_PATHS = (
					"$(inherited)",
					"@executable_path/Frameworks",
				);
				MARKETING_VERSION = 1.0;
				OTHER_LDFLAGS = (
					"$(inherited)",
					"-ObjC",
					"-lc++",
				);
				PRODUCT_BUNDLE_IDENTIFIER = com.swapp1990.vacationphotos;
				PRODUCT_NAME = VacationPhotos;
				SWIFT_OBJC_BRIDGING_HEADER = "VacationPhotos/VacationPhotos-Bridging-Header.h";
				SWIFT_VERSION = 5.0;
				TARGETED_DEVICE_FAMILY = "1,2";
				VERSIONING_SYSTEM = "apple-generic";
			};
			name = Release;
		};
		83CBBA201A601CBA00E9B192 /* Debug */ = {
			isa = XCBuildConfiguration;
			buildSettings = {
				ALWAYS_SEARCH_USER_PATHS = NO;
				CLANG_ANALYZER_LOCALIZABILITY_NONLOCALIZED = YES;
				CLANG_CXX_LANGUAGE_STANDARD = "c++20";
				CLANG_CXX_LIBRARY = "libc++";
				CLANG_ENABLE_MODULES = YES;
				CLANG_ENABLE_OBJC_ARC = YES;
				CLANG_WARN_BLOCK_CAPTURE_AUTORELEASING = YES;
				CLANG_WARN_BOOL_CONVERSION = YES;
				CLANG_WARN_COMMA = YES;
				CLANG_WARN_CONSTANT_CONVERSION = YES;
				CLANG_WARN_DEPRECATED_OBJC_IMPLEMENTATIONS = YES;
				CLANG_WARN_DIRECT_OBJC_ISA_USAGE = YES_ERROR;
				CLANG_WARN_EMPTY_BODY = YES;
				CLANG_WARN_ENUM_CONVERSION = YES;
				CLANG_WARN_INFINITE_RECURSION = YES;
				CLANG_WARN_INT_CONVERSION = YES;
				CLANG_WARN_NON_LITERAL_NULL_CONVERSION = YES;
				CLANG_WARN_OBJC_IMPLICIT_RETAIN_SELF = YES;
				CLANG_WARN_OBJC_LITERAL_CONVERSION = YES;
				CLANG_WARN_OBJC_ROOT_CLASS = YES_ERROR;
				CLANG_WARN_RANGE_LOOP_ANALYSIS = YES;
				CLANG_WARN_STRICT_PROTOTYPES = YES;
				CLANG_WARN_SUSPICIOUS_MOVE = YES;
				CLANG_WARN_UNREACHABLE_CODE = YES;
				CLANG_WARN__DUPLICATE_METHOD_MATCH = YES;
				"CODE_SIGN_IDENTITY[sdk=iphoneos*]" = "iPhone Developer";
				COPY_PHASE_STRIP = NO;
				ENABLE_STRICT_OBJC_MSGSEND = YES;
				ENABLE_TESTABILITY = YES;
				GCC_C_LANGUAGE_STANDARD = gnu99;
				GCC_DYNAMIC_NO_PIC = NO;
				GCC_NO_COMMON_BLOCKS = YES;
				GCC_OPTIMIZATION_LEVEL = 0;
				GCC_PREPROCESSOR_DEFINITIONS = (
					"DEBUG=1",
					"$(inherited)",
				);
				GCC_SYMBOLS_PRIVATE_EXTERN = NO;
				GCC_WARN_64_TO_32_BIT_CONVERSION = YES;
				GCC_WARN_ABOUT_RETURN_TYPE = YES_ERROR;
				GCC_WARN_UNDECLARED_SELECTOR = YES;
				GCC_WARN_UNINITIALIZED_AUTOS = YES_AGGRESSIVE;
				GCC_WARN_UNUSED_FUNCTION = YES;
				GCC_WARN_UNUSED_VARIABLE = YES;
				IPHONEOS_DEPLOYMENT_TARGET = 15.1;
				LD_RUNPATH_SEARCH_PATHS = (
					/usr/lib/swift,
					"$(inherited)",
				);
				LIBRARY_SEARCH_PATHS = "\"$(inherited)\"";
				MTL_ENABLE_DEBUG_INFO = YES;
				ONLY_ACTIVE_ARCH = YES;
				SDKROOT = iphoneos;
			};
			name = Debug;
		};
		83CBBA211A601CBA00E9B192 /* Release */ = {
			isa = XCBuildConfiguration;
			buildSettings = {
				ALWAYS_SEARCH_USER_PATHS = NO;
				CLANG_ANALYZER_LOCALIZABILITY_NONLOCALIZED = YES;
				CLANG_CXX_LANGUAGE_STANDARD = "c++20";
				CLANG_CXX_LIBRARY = "libc++";
				CLANG_ENABLE_MODULES = YES;
				CLANG_ENABLE_OBJC_ARC = YES;
				CLANG_WARN_BLOCK_CAPTURE_AUTORELEASING = YES;
				CLANG_WARN_BOOL_CONVERSION = YES;
				CLANG_WARN_COMMA = YES;
				CLANG_WARN_CONSTANT_CONVERSION = YES;
				CLANG_WARN_DEPRECATED_OBJC_IMPLEMENTATIONS = YES;
				CLANG_WARN_DIRECT_OBJC_ISA_USAGE = YES_ERROR;
				CLANG_WARN_EMPTY_BODY = YES;
				CLANG_WARN_ENUM_CONVERSION = YES;
				CLANG_WARN_INFINITE_RECURSION = YES;
				CLANG_WARN_INT_CONVERSION = YES;
				CLANG_WARN_NON_LITERAL_NULL_CONVERSION = YES;
				CLANG_WARN_OBJC_IMPLICIT_RETAIN_SELF = YES;
				CLANG_WARN_OBJC_LITERAL_CONVERSION = YES;
				CLANG_WARN_OBJC_ROOT_CLASS = YES_ERROR;
				CLANG_WARN_RANGE_LOOP_ANALYSIS = YES;
				CLANG_WARN_STRICT_PROTOTYPES = YES;
				CLANG_WARN_SUSPICIOUS_MOVE = YES;
				CLANG_WARN_UNREACHABLE_CODE = YES;
				CLANG_WARN__DUPLICATE_METHOD_MATCH = YES;
				"CODE_SIGN_IDENTITY[sdk=iphoneos*]" = "iPhone Developer";
				COPY_PHASE_STRIP = YES;
				ENABLE_NS_ASSERTIONS = NO;
				ENABLE_STRICT_OBJC_MSGSEND = YES;
				GCC_C_LANGUAGE_STANDARD = gnu99;
				GCC_NO_COMMON_BLOCKS = YES;
				GCC_WARN_64_TO_32_BIT_CONVERSION = YES;
				GCC_WARN_ABOUT_RETURN_TYPE = YES_ERROR;
				GCC_WARN_UNDECLARED_SELECTOR = YES;
				GCC_WARN_UNINITIALIZED_AUTOS = YES_AGGRESSIVE;
				GCC_WARN_UNUSED_FUNCTION = YES;
				GCC_WARN_UNUSED_VARIABLE = YES;
				IPHONEOS_DEPLOYMENT_TARGET = 15.1;
				LD_RUNPATH_SEARCH_PATHS = (
					/usr/lib/swift,
					"$(inherited)",
				);
				LIBRARY_SEARCH_PATHS = "\"$(inherited)\"";
				MTL_ENABLE_DEBUG_INFO = NO;
				SDKROOT = iphoneos;
				VALIDATE_PRODUCT = YES;
			};
			name = Release;
		};
		B0E7DBBE2F1B913200472158 /* Debug */ = {
			isa = XCBuildConfiguration;
			buildSettings = {
				ASSETCATALOG_COMPILER_APPICON_NAME = AppIcon;
				ASSETCATALOG_COMPILER_GLOBAL_ACCENT_COLOR_NAME = AccentColor;
				CLANG_ANALYZER_NONNULL = YES;
				CLANG_ANALYZER_NUMBER_OBJECT_CONVERSION = YES_AGGRESSIVE;
				CLANG_CXX_LANGUAGE_STANDARD = "gnu++20";
				CLANG_ENABLE_MODULES = YES;
				CLANG_ENABLE_OBJC_WEAK = YES;
				CLANG_WARN_DOCUMENTATION_COMMENTS = YES;
				CLANG_WARN_QUOTED_INCLUDE_IN_FRAMEWORK_HEADER = YES;
				CLANG_WARN_UNGUARDED_AVAILABILITY = YES_AGGRESSIVE;
				CODE_SIGN_ENTITLEMENTS = VacationPhotosClip/VacationPhotosClip.entitlements;
				CODE_SIGN_STYLE = Automatic;
				CURRENT_PROJECT_VERSION = 3;
				DEBUG_INFORMATION_FORMAT = dwarf;
				DEVELOPMENT_ASSET_PATHS = "\"VacationPhotosClip/Preview Content\"";
				DEVELOPMENT_TEAM = RA5M8S58U3;
				ENABLE_PREVIEWS = YES;
				FRAMEWORK_SEARCH_PATHS = (
					"$(inherited)",
					"\"$(SRCROOT)/../node_modules/react-native/Libraries\"",
				);
				GCC_C_LANGUAGE_STANDARD = gnu11;
				GENERATE_INFOPLIST_FILE = YES;
				HEADER_SEARCH_PATHS = (
					"$(inherited)",
					"\"$(SRCROOT)/../node_modules/react-native/React/**\"",
					"\"$(SRCROOT)/../node_modules/react-native/Libraries/**\"",
				);
				INFOPLIST_FILE = VacationPhotosClip/Info.plist;
				INFOPLIST_KEY_CFBundleDisplayName = VacationPhotos;
				INFOPLIST_KEY_UIApplicationSceneManifest_Generation = YES;
				INFOPLIST_KEY_UIApplicationSupportsIndirectInputEvents = YES;
				INFOPLIST_KEY_UILaunchScreen_Generation = YES;
				INFOPLIST_KEY_UISupportedInterfaceOrientations_iPad = "UIInterfaceOrientationPortrait UIInterfaceOrientationPortraitUpsideDown UIInterfaceOrientationLandscapeLeft UIInterfaceOrientationLandscapeRight";
				INFOPLIST_KEY_UISupportedInterfaceOrientations_iPhone = "UIInterfaceOrientationPortrait UIInterfaceOrientationLandscapeLeft UIInterfaceOrientationLandscapeRight";
				IPHONEOS_DEPLOYMENT_TARGET = 15.1;
				LD_RUNPATH_SEARCH_PATHS = (
					"$(inherited)",
					"@executable_path/Frameworks",
				);
				MARKETING_VERSION = 1.1.0;
				MTL_ENABLE_DEBUG_INFO = INCLUDE_SOURCE;
				MTL_FAST_MATH = YES;
				OTHER_LDFLAGS = (
					"$(inherited)",
					"-ObjC",
					"-lc++",
				);
				PRODUCT_BUNDLE_IDENTIFIER = com.swapp1990.vacationphotos.Clip;
				PRODUCT_NAME = "$(TARGET_NAME)";
				SWIFT_ACTIVE_COMPILATION_CONDITIONS = DEBUG;
				SWIFT_EMIT_LOC_STRINGS = YES;
				SWIFT_OPTIMIZATION_LEVEL = "-Onone";
				SWIFT_VERSION = 5.0;
				TARGETED_DEVICE_FAMILY = "1,2";
			};
			name = Debug;
		};
		B0E7DBBF2F1B913200472158 /* Release */ = {
			isa = XCBuildConfiguration;
			buildSettings = {
				ASSETCATALOG_COMPILER_APPICON_NAME = AppIcon;
				ASSETCATALOG_COMPILER_GLOBAL_ACCENT_COLOR_NAME = AccentColor;
				CLANG_ANALYZER_NONNULL = YES;
				CLANG_ANALYZER_NUMBER_OBJECT_CONVERSION = YES_AGGRESSIVE;
				CLANG_CXX_LANGUAGE_STANDARD = "gnu++20";
				CLANG_ENABLE_MODULES = YES;
				CLANG_ENABLE_OBJC_WEAK = YES;
				CLANG_WARN_DOCUMENTATION_COMMENTS = YES;
				CLANG_WARN_QUOTED_INCLUDE_IN_FRAMEWORK_HEADER = YES;
				CLANG_WARN_UNGUARDED_AVAILABILITY = YES_AGGRESSIVE;
				CODE_SIGN_ENTITLEMENTS = VacationPhotosClip/VacationPhotosClip.entitlements;
				CODE_SIGN_STYLE = Automatic;
				COPY_PHASE_STRIP = NO;
				CURRENT_PROJECT_VERSION = 3;
				DEBUG_INFORMATION_FORMAT = "dwarf-with-dsym";
				DEVELOPMENT_ASSET_PATHS = "\"VacationPhotosClip/Preview Content\"";
				DEVELOPMENT_TEAM = RA5M8S58U3;
				ENABLE_PREVIEWS = YES;
				FRAMEWORK_SEARCH_PATHS = (
					"$(inherited)",
					"\"$(SRCROOT)/../node_modules/react-native/Libraries\"",
				);
				GCC_C_LANGUAGE_STANDARD = gnu11;
				GENERATE_INFOPLIST_FILE = YES;
				HEADER_SEARCH_PATHS = (
					"$(inherited)",
					"\"$(SRCROOT)/../node_modules/react-native/React/**\"",
					"\"$(SRCROOT)/../node_modules/react-native/Libraries/**\"",
				);
				INFOPLIST_FILE = VacationPhotosClip/Info.plist;
				INFOPLIST_KEY_CFBundleDisplayName = VacationPhotos;
				INFOPLIST_KEY_UIApplicationSceneManifest_Generation = YES;
				INFOPLIST_KEY_UIApplicationSupportsIndirectInputEvents = YES;
				INFOPLIST_KEY_UILaunchScreen_Generation = YES;
				INFOPLIST_KEY_UISupportedInterfaceOrientations_iPad = "UIInterfaceOrientationPortrait UIInterfaceOrientationPortraitUpsideDown UIInterfaceOrientationLandscapeLeft UIInterfaceOrientationLandscapeRight";
				INFOPLIST_KEY_UISupportedInterfaceOrientations_iPhone = "UIInterfaceOrientationPortrait UIInterfaceOrientationLandscapeLeft UIInterfaceOrientationLandscapeRight";
				IPHONEOS_DEPLOYMENT_TARGET = 15.1;
				LD_RUNPATH_SEARCH_PATHS = (
					"$(inherited)",
					"@executable_path/Frameworks",
				);
				MARKETING_VERSION = 1.1.0;
				MTL_FAST_MATH = YES;
				OTHER_LDFLAGS = (
					"$(inherited)",
					"-ObjC",
					"-lc++",
				);
				PRODUCT_BUNDLE_IDENTIFIER = com.swapp1990.vacationphotos.Clip;
				PRODUCT_NAME = "$(TARGET_NAME)";
				SWIFT_COMPILATION_MODE = wholemodule;
				SWIFT_EMIT_LOC_STRINGS = YES;
				SWIFT_OPTIMIZATION_LEVEL = "-O";
				SWIFT_VERSION = 5.0;
				TARGETED_DEVICE_FAMILY = "1,2";
			};
			name = Release;
		};
		B0E7DBC02F1B913200472158 /* Debug */ = {
			isa = XCBuildConfiguration;
			buildSettings = {
				BUNDLE_LOADER = "$(TEST_HOST)";
				CLANG_ANALYZER_NONNULL = YES;
				CLANG_ANALYZER_NUMBER_OBJECT_CONVERSION = YES_AGGRESSIVE;
				CLANG_CXX_LANGUAGE_STANDARD = "gnu++20";
				CLANG_ENABLE_OBJC_WEAK = YES;
				CLANG_WARN_DOCUMENTATION_COMMENTS = YES;
				CLANG_WARN_QUOTED_INCLUDE_IN_FRAMEWORK_HEADER = YES;
				CLANG_WARN_UNGUARDED_AVAILABILITY = YES_AGGRESSIVE;
				CODE_SIGN_STYLE = Automatic;
				CURRENT_PROJECT_VERSION = 1;
				DEBUG_INFORMATION_FORMAT = dwarf;
				GCC_C_LANGUAGE_STANDARD = gnu11;
				GENERATE_INFOPLIST_FILE = YES;
				IPHONEOS_DEPLOYMENT_TARGET = 16.4;
				MARKETING_VERSION = 1.0;
				MTL_ENABLE_DEBUG_INFO = INCLUDE_SOURCE;
				MTL_FAST_MATH = YES;
				PRODUCT_BUNDLE_IDENTIFIER = com.swapp1990.vacationphotos.VacationPhotosClipTests;
				PRODUCT_NAME = "$(TARGET_NAME)";
				SWIFT_ACTIVE_COMPILATION_CONDITIONS = DEBUG;
				SWIFT_EMIT_LOC_STRINGS = NO;
				SWIFT_OPTIMIZATION_LEVEL = "-Onone";
				SWIFT_VERSION = 5.0;
				TARGETED_DEVICE_FAMILY = "1,2";
				TEST_HOST = "$(BUILT_PRODUCTS_DIR)/VacationPhotosClip.app/$(BUNDLE_EXECUTABLE_FOLDER_PATH)/VacationPhotosClip";
			};
			name = Debug;
		};
		B0E7DBC12F1B913200472158 /* Release */ = {
			isa = XCBuildConfiguration;
			buildSettings = {
				BUNDLE_LOADER = "$(TEST_HOST)";
				CLANG_ANALYZER_NONNULL = YES;
				CLANG_ANALYZER_NUMBER_OBJECT_CONVERSION = YES_AGGRESSIVE;
				CLANG_CXX_LANGUAGE_STANDARD = "gnu++20";
				CLANG_ENABLE_OBJC_WEAK = YES;
				CLANG_WARN_DOCUMENTATION_COMMENTS = YES;
				CLANG_WARN_QUOTED_INCLUDE_IN_FRAMEWORK_HEADER = YES;
				CLANG_WARN_UNGUARDED_AVAILABILITY = YES_AGGRESSIVE;
				CODE_SIGN_STYLE = Automatic;
				COPY_PHASE_STRIP = NO;
				CURRENT_PROJECT_VERSION = 1;
				DEBUG_INFORMATION_FORMAT = "dwarf-with-dsym";
				GCC_C_LANGUAGE_STANDARD = gnu11;
				GENERATE_INFOPLIST_FILE = YES;
				IPHONEOS_DEPLOYMENT_TARGET = 16.4;
				MARKETING_VERSION = 1.0;
				MTL_FAST_MATH = YES;
				PRODUCT_BUNDLE_IDENTIFIER = com.swapp1990.vacationphotos.VacationPhotosClipTests;
				PRODUCT_NAME = "$(TARGET_NAME)";
				SWIFT_COMPILATION_MODE = wholemodule;
				SWIFT_EMIT_LOC_STRINGS = NO;
				SWIFT_OPTIMIZATION_LEVEL = "-O";
				SWIFT_VERSION = 5.0;
				TARGETED_DEVICE_FAMILY = "1,2";
				TEST_HOST = "$(BUILT_PRODUCTS_DIR)/VacationPhotosClip.app/$(BUNDLE_EXECUTABLE_FOLDER_PATH)/VacationPhotosClip";
			};
			name = Release;
		};
		B0E7DBC22F1B913200472158 /* Debug */ = {
			isa = XCBuildConfiguration;
			buildSettings = {
				CLANG_ANALYZER_NONNULL = YES;
				CLANG_ANALYZER_NUMBER_OBJECT_CONVERSION = YES_AGGRESSIVE;
				CLANG_CXX_LANGUAGE_STANDARD = "gnu++20";
				CLANG_ENABLE_OBJC_WEAK = YES;
				CLANG_WARN_DOCUMENTATION_COMMENTS = YES;
				CLANG_WARN_QUOTED_INCLUDE_IN_FRAMEWORK_HEADER = YES;
				CLANG_WARN_UNGUARDED_AVAILABILITY = YES_AGGRESSIVE;
				CODE_SIGN_STYLE = Automatic;
				CURRENT_PROJECT_VERSION = 1;
				DEBUG_INFORMATION_FORMAT = dwarf;
				GCC_C_LANGUAGE_STANDARD = gnu11;
				GENERATE_INFOPLIST_FILE = YES;
				IPHONEOS_DEPLOYMENT_TARGET = 16.4;
				MARKETING_VERSION = 1.0;
				MTL_ENABLE_DEBUG_INFO = INCLUDE_SOURCE;
				MTL_FAST_MATH = YES;
				PRODUCT_BUNDLE_IDENTIFIER = com.swapp1990.vacationphotos.VacationPhotosClipUITests;
				PRODUCT_NAME = "$(TARGET_NAME)";
				SWIFT_ACTIVE_COMPILATION_CONDITIONS = DEBUG;
				SWIFT_EMIT_LOC_STRINGS = NO;
				SWIFT_OPTIMIZATION_LEVEL = "-Onone";
				SWIFT_VERSION = 5.0;
				TARGETED_DEVICE_FAMILY = "1,2";
				TEST_TARGET_NAME = VacationPhotosClip;
			};
			name = Debug;
		};
		B0E7DBC32F1B913200472158 /* Release */ = {
			isa = XCBuildConfiguration;
			buildSettings = {
				CLANG_ANALYZER_NONNULL = YES;
				CLANG_ANALYZER_NUMBER_OBJECT_CONVERSION = YES_AGGRESSIVE;
				CLANG_CXX_LANGUAGE_STANDARD = "gnu++20";
				CLANG_ENABLE_OBJC_WEAK = YES;
				CLANG_WARN_DOCUMENTATION_COMMENTS = YES;
				CLANG_WARN_QUOTED_INCLUDE_IN_FRAMEWORK_HEADER = YES;
				CLANG_WARN_UNGUARDED_AVAILABILITY = YES_AGGRESSIVE;
				CODE_SIGN_STYLE = Automatic;
				COPY_PHASE_STRIP = NO;
				CURRENT_PROJECT_VERSION = 1;
				DEBUG_INFORMATION_FORMAT = "dwarf-with-dsym";
				GCC_C_LANGUAGE_STANDARD = gnu11;
				GENERATE_INFOPLIST_FILE = YES;
				IPHONEOS_DEPLOYMENT_TARGET = 16.4;
				MARKETING_VERSION = 1.0;
				MTL_FAST_MATH = YES;
				PRODUCT_BUNDLE_IDENTIFIER = com.swapp1990.vacationphotos.VacationPhotosClipUITests;
				PRODUCT_NAME = "$(TARGET_NAME)";
				SWIFT_COMPILATION_MODE = wholemodule;
				SWIFT_EMIT_LOC_STRINGS = NO;
				SWIFT_OPTIMIZATION_LEVEL = "-O";
				SWIFT_VERSION = 5.0;
				TARGETED_DEVICE_FAMILY = "1,2";
				TEST_TARGET_NAME = VacationPhotosClip;
			};
			name = Release;
		};
/* End XCBuildConfiguration section */

/* Begin XCConfigurationList section */
		13B07F931A680F5B00A75B9A /* Build configuration list for PBXNativeTarget "VacationPhotos" */ = {
			isa = XCConfigurationList;
			buildConfigurations = (
				13B07F941A680F5B00A75B9A /* Debug */,
				13B07F951A680F5B00A75B9A /* Release */,
			);
			defaultConfigurationIsVisible = 0;
			defaultConfigurationName = Release;
		};
		83CBB9FA1A601CBA00E9B192 /* Build configuration list for PBXProject "VacationPhotos" */ = {
			isa = XCConfigurationList;
			buildConfigurations = (
				83CBBA201A601CBA00E9B192 /* Debug */,
				83CBBA211A601CBA00E9B192 /* Release */,
			);
			defaultConfigurationIsVisible = 0;
			defaultConfigurationName = Release;
		};
		B0E7DBC42F1B913200472158 /* Build configuration list for PBXNativeTarget "VacationPhotosClip" */ = {
			isa = XCConfigurationList;
			buildConfigurations = (
				B0E7DBBE2F1B913200472158 /* Debug */,
				B0E7DBBF2F1B913200472158 /* Release */,
			);
			defaultConfigurationIsVisible = 0;
			defaultConfigurationName = Release;
		};
		B0E7DBC52F1B913200472158 /* Build configuration list for PBXNativeTarget "VacationPhotosClipTests" */ = {
			isa = XCConfigurationList;
			buildConfigurations = (
				B0E7DBC02F1B913200472158 /* Debug */,
				B0E7DBC12F1B913200472158 /* Release */,
			);
			defaultConfigurationIsVisible = 0;
			defaultConfigurationName = Release;
		};
		B0E7DBC62F1B913200472158 /* Build configuration list for PBXNativeTarget "VacationPhotosClipUITests" */ = {
			isa = XCConfigurationList;
			buildConfigurations = (
				B0E7DBC22F1B913200472158 /* Debug */,
				B0E7DBC32F1B913200472158 /* Release */,
			);
			defaultConfigurationIsVisible = 0;
			defaultConfigurationName = Release;
		};
/* End XCConfigurationList section */
	};
	rootObject = 83CBB9F71A601CBA00E9B192 /* Project object */;
}
